
Microsoft Visual Studio Solution File, Format Version 12.00
# Visual Studio Version 16
VisualStudioVersion = 16.0.31402.337
MinimumVisualStudioVersion = 10.0.40219.1
Project("{FAE04EC0-301F-11D3-BF4B-00C04F79EFBC}") = "ChatPO1", "ChatPO1.csproj", "{47949DB0-A0A8-41E9-B2D7-47536550BC28}"
EndProject
Global
	GlobalSection(SolutionConfigurationPlatforms) = preSolution
		Debug|Any CPU = Debug|Any CPU
		Release|Any CPU = Release|Any CPU
	EndGlobalSection
	GlobalSection(ProjectConfigurationPlatforms) = postSolution
		{47949DB0-A0A8-41E9-B2D7-47536550BC28}.Debug|Any CPU.ActiveCfg = Debug|Any CPU
		{47949DB0-A0A8-41E9-B2D7-47536550BC28}.Debug|Any CPU.Build.0 = Debug|Any CPU
		{47949DB0-A0A8-41E9-B2D7-47536550BC28}.Release|Any CPU.ActiveCfg = Release|Any CPU
		{47949DB0-A0A8-41E9-B2D7-47536550BC28}.Release|Any CPU.Build.0 = Release|Any CPU
	EndGlobalSection
	GlobalSection(SolutionProperties) = preSolution
		HideSolutionNode = FALSE
	EndGlobalSection
	GlobalSection(ExtensibilityGlobals) = postSolution
		SolutionGuid = {3C8C0027-4E43-4982-AC3B-DC6271AC24C7}
	EndGlobalSection
EndGlobal
